{
  "name": "pt1---Lightweight-Notes",
  "lockfileVersion": 3,
  "requires": true,
  "packages": {
    "": {
      "dependencies": {
        "hyper-oldschool": "^1.0.0"
      }
    },
    "node_modules/hyper-oldschool": {
      "version": "1.0.0",
      "resolved": "https://registry.npmjs.org/hyper-oldschool/-/hyper-oldschool-1.0.0.tgz",
      "integrity": "sha512-+xdDHl+Yb2TpU2VTbQ7BcKEIAPp0+AclGZWFZ/5fZVxGTco1JgO+XEzzEFXWmMuPA5Itw38knMZWc5ZYZt8glw==",
      "license": "MIT"
    }
  }
}
